
Microsoft Visual Studio Solution File, Format Version 12.00
# Visual Studio Version 17
VisualStudioVersion = 17.1.32228.430
MinimumVisualStudioVersion = 10.0.40219.1
Project("{9A19103F-16F7-4668-BE54-9A1E7A4F7556}") = "Guildie.Api", "Guildie.Api\Guildie.Api.csproj", "{979633F5-6FA0-417A-830B-DCCC7998ADAB}"
EndProject
Project("{9A19103F-16F7-4668-BE54-9A1E7A4F7556}") = "Guildie.DTO", "Guildie.DTO\Guildie.DTO.csproj", "{177CFF79-5E77-49A8-B825-78F0856CFC3C}"
EndProject
Project("{FAE04EC0-301F-11D3-BF4B-00C04F79EFBC}") = "Guildie.Application", "Guildie.Application\Guildie.Application.csproj", "{11D96527-8F48-4482-8A07-803AC5F74A0D}"
EndProject
Global
	GlobalSection(SolutionConfigurationPlatforms) = preSolution
		Debug|Any CPU = Debug|Any CPU
		Release|Any CPU = Release|Any CPU
	EndGlobalSection
	GlobalSection(ProjectConfigurationPlatforms) = postSolution
		{979633F5-6FA0-417A-830B-DCCC7998ADAB}.Debug|Any CPU.ActiveCfg = Debug|Any CPU
		{979633F5-6FA0-417A-830B-DCCC7998ADAB}.Debug|Any CPU.Build.0 = Debug|Any CPU
		{979633F5-6FA0-417A-830B-DCCC7998ADAB}.Release|Any CPU.ActiveCfg = Release|Any CPU
		{979633F5-6FA0-417A-830B-DCCC7998ADAB}.Release|Any CPU.Build.0 = Release|Any CPU
		{177CFF79-5E77-49A8-B825-78F0856CFC3C}.Debug|Any CPU.ActiveCfg = Debug|Any CPU
		{177CFF79-5E77-49A8-B825-78F0856CFC3C}.Debug|Any CPU.Build.0 = Debug|Any CPU
		{177CFF79-5E77-49A8-B825-78F0856CFC3C}.Release|Any CPU.ActiveCfg = Release|Any CPU
		{177CFF79-5E77-49A8-B825-78F0856CFC3C}.Release|Any CPU.Build.0 = Release|Any CPU
		{11D96527-8F48-4482-8A07-803AC5F74A0D}.Debug|Any CPU.ActiveCfg = Debug|Any CPU
		{11D96527-8F48-4482-8A07-803AC5F74A0D}.Debug|Any CPU.Build.0 = Debug|Any CPU
		{11D96527-8F48-4482-8A07-803AC5F74A0D}.Release|Any CPU.ActiveCfg = Release|Any CPU
		{11D96527-8F48-4482-8A07-803AC5F74A0D}.Release|Any CPU.Build.0 = Release|Any CPU
	EndGlobalSection
	GlobalSection(SolutionProperties) = preSolution
		HideSolutionNode = FALSE
	EndGlobalSection
	GlobalSection(ExtensibilityGlobals) = postSolution
		SolutionGuid = {19562211-6500-4C49-A190-9F7733CECE57}
	EndGlobalSection
EndGlobal
